<?xml version="1.0" encoding="utf-8"?>
<Project ToolsVersion="4.0" xmlns="http://schemas.microsoft.com/developer/msbuild/2003">
  <ItemGroup>
    <Filter Include="Source Files">
      <UniqueIdentifier>{4FC737F1-C7A5-4376-A066-2A32D752A2FF}</UniqueIdentifier>
      <Extensions>cpp;c;cc;cxx;c++;cppm;ixx;def;odl;idl;hpj;bat;asm;asmx</Extensions>
    </Filter>
    <Filter Include="Header Files">
      <UniqueIdentifier>{93995380-89BD-4b04-88EB-625FBE52EBFB}</UniqueIdentifier>
      <Extensions>h;hh;hpp;hxx;h++;hm;inl;inc;ipp;xsd</Extensions>
    </Filter>
    <Filter Include="Resource Files">
      <UniqueIdentifier>{67DA6AB6-F800-4c08-8B7A-83BB121AAD01}</UniqueIdentifier>
      <Extensions>rc;ico;cur;bmp;dlg;rc2;rct;bin;rgs;gif;jpg;jpeg;jpe;resx;tiff;tif;png;wav;mfcribbon-ms</Extensions>
    </Filter>
  </ItemGroup>
  <ItemGroup>
    <ClCompile Include="main.cpp">
      <Filter>Source Files</Filter>
    </ClCompile>
    <ClCompile Include="src\app_window.cpp">
      <Filter>Source Files</Filter>
    </ClCompile>
    <ClCompile Include="src\events_handler\file_events.cpp">
      <Filter>Source Files</Filter>
    </ClCompile>
    <ClCompile Include="src\events_handler\mouse_event_handler.cpp">
      <Filter>Source Files</Filter>
    </ClCompile>
    <ClCompile Include="src\events_handler\mouse_events.cpp">
      <Filter>Source Files</Filter>
    </ClCompile>
    <ClCompile Include="src\events_handler\Stopwatch_events.cpp">
      <Filter>Source Files</Filter>
    </ClCompile>
    <ClCompile Include="src\fe_solver\analysis_solver.cpp">
      <Filter>Source Files</Filter>
    </ClCompile>
    <ClCompile Include="src\fe_solver\wave_vm_solver.cpp">
      <Filter>Source Files</Filter>
    </ClCompile>
    <ClCompile Include="src\geometry_store\geom_parameters.cpp">
      <Filter>Source Files</Filter>
    </ClCompile>
    <ClCompile Include="src\geometry_store\geom_store.cpp">
      <Filter>Source Files</Filter>
    </ClCompile>
    <ClCompile Include="src\geometry_store\geometry_objects\dynamic_line_list_store.cpp">
      <Filter>Source Files</Filter>
    </ClCompile>
    <ClCompile Include="src\geometry_store\geometry_objects\dynamic_point_list_store.cpp">
      <Filter>Source Files</Filter>
    </ClCompile>
    <ClCompile Include="src\geometry_store\geometry_objects\label_list_store.cpp">
      <Filter>Source Files</Filter>
    </ClCompile>
    <ClCompile Include="src\geometry_store\geometry_objects\line_list_store.cpp">
      <Filter>Source Files</Filter>
    </ClCompile>
    <ClCompile Include="src\geometry_store\geometry_objects\point_list_store.cpp">
      <Filter>Source Files</Filter>
    </ClCompile>
    <ClCompile Include="src\geometry_store\geometry_objects\tri_list_store.cpp">
      <Filter>Source Files</Filter>
    </ClCompile>
    <ClCompile Include="src\geometry_store\geometry_buffers\font_atlas.cpp">
      <Filter>Source Files</Filter>
    </ClCompile>
    <ClCompile Include="src\geometry_store\geometry_buffers\gBuffers.cpp">
      <Filter>Source Files</Filter>
    </ClCompile>
    <ClCompile Include="src\geometry_store\geometry_buffers\IndexBuffer.cpp">
      <Filter>Source Files</Filter>
    </ClCompile>
    <ClCompile Include="src\geometry_store\geometry_buffers\Shader.cpp">
      <Filter>Source Files</Filter>
    </ClCompile>
    <ClCompile Include="src\geometry_store\geometry_buffers\Texture.cpp">
      <Filter>Source Files</Filter>
    </ClCompile>
    <ClCompile Include="src\geometry_store\geometry_buffers\VertexArray.cpp">
      <Filter>Source Files</Filter>
    </ClCompile>
    <ClCompile Include="src\geometry_store\geometry_buffers\VertexBuffer.cpp">
      <Filter>Source Files</Filter>
    </ClCompile>
    <ClCompile Include="src\geometry_store\geometry_buffers\VertexBufferLayout.cpp">
      <Filter>Source Files</Filter>
    </ClCompile>
    <ClCompile Include="src\geometry_store\fe_objects\elementline_list_store.cpp">
      <Filter>Source Files</Filter>
    </ClCompile>
    <ClCompile Include="src\geometry_store\fe_objects\nodeconstraint_list_store.cpp">
      <Filter>Source Files</Filter>
    </ClCompile>
    <ClCompile Include="src\geometry_store\fe_objects\nodeinlcond_list_store.cpp">
      <Filter>Source Files</Filter>
    </ClCompile>
    <ClCompile Include="src\geometry_store\fe_objects\nodeload_list_store.cpp">
      <Filter>Source Files</Filter>
    </ClCompile>
    <ClCompile Include="src\geometry_store\fe_objects\nodes_list_store.cpp">
      <Filter>Source Files</Filter>
    </ClCompile>
    <ClCompile Include="src\geometry_store\analysis_result_objects\wave_analysis_result_store.cpp">
      <Filter>Source Files</Filter>
    </ClCompile>
    <ClCompile Include="src\geometry_store\analysis_result_objects\wave_elementline_list_store.cpp">
      <Filter>Source Files</Filter>
    </ClCompile>
    <ClCompile Include="src\geometry_store\analysis_result_objects\wave_nodes_list_store.cpp">
      <Filter>Source Files</Filter>
    </ClCompile>
    <ClCompile Include="src\ImGui\imgui.cpp">
      <Filter>Source Files</Filter>
    </ClCompile>
    <ClCompile Include="src\ImGui\imgui_draw.cpp">
      <Filter>Source Files</Filter>
    </ClCompile>
    <ClCompile Include="src\ImGui\imgui_impl_glfw.cpp">
      <Filter>Source Files</Filter>
    </ClCompile>
    <ClCompile Include="src\ImGui\imgui_impl_opengl3.cpp">
      <Filter>Source Files</Filter>
    </ClCompile>
    <ClCompile Include="src\ImGui\imgui_tables.cpp">
      <Filter>Source Files</Filter>
    </ClCompile>
    <ClCompile Include="src\ImGui\imgui_widgets.cpp">
      <Filter>Source Files</Filter>
    </ClCompile>
    <ClCompile Include="src\ImGui\implot.cpp">
      <Filter>Source Files</Filter>
    </ClCompile>
    <ClCompile Include="src\ImGui\implot_items.cpp">
      <Filter>Source Files</Filter>
    </ClCompile>
    <ClCompile Include="src\ImGui\stb_implement.cpp">
      <Filter>Source Files</Filter>
    </ClCompile>
    <ClCompile Include="src\tool_window\analysis_window.cpp">
      <Filter>Source Files</Filter>
    </ClCompile>
    <ClCompile Include="src\tool_window\options_window.cpp">
      <Filter>Source Files</Filter>
    </ClCompile>
    <ClCompile Include="src\tool_window\node_window.cpp">
      <Filter>Source Files</Filter>
    </ClCompile>
    <ClCompile Include="src\tool_window\edge_window.cpp">
      <Filter>Source Files</Filter>
    </ClCompile>
    <ClCompile Include="src\tool_window\element_window.cpp">
      <Filter>Source Files</Filter>
    </ClCompile>
    <ClCompile Include="src\geometry_store\fe_objects\elementtri_list_store.cpp">
      <Filter>Source Files</Filter>
    </ClCompile>
  </ItemGroup>
  <ItemGroup>
    <ClInclude Include="src\app_window.h">
      <Filter>Header Files</Filter>
    </ClInclude>
    <ClInclude Include="src\events_handler\file_events.h">
      <Filter>Header Files</Filter>
    </ClInclude>
    <ClInclude Include="src\events_handler\mouse_event_handler.h">
      <Filter>Header Files</Filter>
    </ClInclude>
    <ClInclude Include="src\events_handler\mouse_events.h">
      <Filter>Header Files</Filter>
    </ClInclude>
    <ClInclude Include="src\events_handler\Stopwatch_events.h">
      <Filter>Header Files</Filter>
    </ClInclude>
    <ClInclude Include="src\fe_solver\analysis_solver.h">
      <Filter>Header Files</Filter>
    </ClInclude>
    <ClInclude Include="src\fe_solver\wave_vm_solver.h">
      <Filter>Header Files</Filter>
    </ClInclude>
    <ClInclude Include="src\geometry_store\geom_parameters.h">
      <Filter>Header Files</Filter>
    </ClInclude>
    <ClInclude Include="src\geometry_store\geom_store.h">
      <Filter>Header Files</Filter>
    </ClInclude>
    <ClInclude Include="src\geometry_store\geometry_objects\dynamic_line_list_store.h">
      <Filter>Header Files</Filter>
    </ClInclude>
    <ClInclude Include="src\geometry_store\geometry_objects\dynamic_point_list_store.h">
      <Filter>Header Files</Filter>
    </ClInclude>
    <ClInclude Include="src\geometry_store\geometry_objects\label_list_store.h">
      <Filter>Header Files</Filter>
    </ClInclude>
    <ClInclude Include="src\geometry_store\geometry_objects\line_list_store.h">
      <Filter>Header Files</Filter>
    </ClInclude>
    <ClInclude Include="src\geometry_store\geometry_objects\point_list_store.h">
      <Filter>Header Files</Filter>
    </ClInclude>
    <ClInclude Include="src\geometry_store\geometry_objects\tri_list_store.h">
      <Filter>Header Files</Filter>
    </ClInclude>
    <ClInclude Include="src\geometry_store\geometry_buffers\font_atlas.h">
      <Filter>Header Files</Filter>
    </ClInclude>
    <ClInclude Include="src\geometry_store\geometry_buffers\gBuffers.h">
      <Filter>Header Files</Filter>
    </ClInclude>
    <ClInclude Include="src\geometry_store\geometry_buffers\IndexBuffer.h">
      <Filter>Header Files</Filter>
    </ClInclude>
    <ClInclude Include="src\geometry_store\geometry_buffers\Shader.h">
      <Filter>Header Files</Filter>
    </ClInclude>
    <ClInclude Include="src\geometry_store\geometry_buffers\Texture.h">
      <Filter>Header Files</Filter>
    </ClInclude>
    <ClInclude Include="src\geometry_store\geometry_buffers\VertexArray.h">
      <Filter>Header Files</Filter>
    </ClInclude>
    <ClInclude Include="src\geometry_store\geometry_buffers\VertexBuffer.h">
      <Filter>Header Files</Filter>
    </ClInclude>
    <ClInclude Include="src\geometry_store\geometry_buffers\VertexBufferLayout.h">
      <Filter>Header Files</Filter>
    </ClInclude>
    <ClInclude Include="src\geometry_store\fe_objects\elementline_list_store.h">
      <Filter>Header Files</Filter>
    </ClInclude>
    <ClInclude Include="src\geometry_store\fe_objects\nodeconstraint_list_store.h">
      <Filter>Header Files</Filter>
    </ClInclude>
    <ClInclude Include="src\geometry_store\fe_objects\nodeinlcond_list_store.h">
      <Filter>Header Files</Filter>
    </ClInclude>
    <ClInclude Include="src\geometry_store\fe_objects\nodeload_list_store.h">
      <Filter>Header Files</Filter>
    </ClInclude>
    <ClInclude Include="src\geometry_store\fe_objects\nodes_list_store.h">
      <Filter>Header Files</Filter>
    </ClInclude>
    <ClInclude Include="src\geometry_store\analysis_result_objects\wave_analysis_result_store.h">
      <Filter>Header Files</Filter>
    </ClInclude>
    <ClInclude Include="src\geometry_store\analysis_result_objects\wave_elementline_list_store.h">
      <Filter>Header Files</Filter>
    </ClInclude>
    <ClInclude Include="src\geometry_store\analysis_result_objects\wave_nodes_list_store.h">
      <Filter>Header Files</Filter>
    </ClInclude>
    <ClInclude Include="src\ImGui\imconfig.h">
      <Filter>Header Files</Filter>
    </ClInclude>
    <ClInclude Include="src\ImGui\imgui.h">
      <Filter>Header Files</Filter>
    </ClInclude>
    <ClInclude Include="src\ImGui\imgui_impl_glfw.h">
      <Filter>Header Files</Filter>
    </ClInclude>
    <ClInclude Include="src\ImGui\imgui_impl_opengl3.h">
      <Filter>Header Files</Filter>
    </ClInclude>
    <ClInclude Include="src\ImGui\imgui_impl_opengl3_loader.h">
      <Filter>Header Files</Filter>
    </ClInclude>
    <ClInclude Include="src\ImGui\imgui_internal.h">
      <Filter>Header Files</Filter>
    </ClInclude>
    <ClInclude Include="src\ImGui\implot.h">
      <Filter>Header Files</Filter>
    </ClInclude>
    <ClInclude Include="src\ImGui\implot_internal.h">
      <Filter>Header Files</Filter>
    </ClInclude>
    <ClInclude Include="src\ImGui\imstb_rectpack.h">
      <Filter>Header Files</Filter>
    </ClInclude>
    <ClInclude Include="src\ImGui\imstb_textedit.h">
      <Filter>Header Files</Filter>
    </ClInclude>
    <ClInclude Include="src\ImGui\imstb_truetype.h">
      <Filter>Header Files</Filter>
    </ClInclude>
    <ClInclude Include="src\ImGui\stb_image.h">
      <Filter>Header Files</Filter>
    </ClInclude>
    <ClInclude Include="src\ImGui\stb_implement.h">
      <Filter>Header Files</Filter>
    </ClInclude>
    <ClInclude Include="src\tool_window\analysis_window.h">
      <Filter>Header Files</Filter>
    </ClInclude>
    <ClInclude Include="src\tool_window\options_window.h">
      <Filter>Header Files</Filter>
    </ClInclude>
    <ClInclude Include="src\tool_window\node_window.h">
      <Filter>Header Files</Filter>
    </ClInclude>
    <ClInclude Include="src\tool_window\edge_window.h">
      <Filter>Header Files</Filter>
    </ClInclude>
    <ClInclude Include="src\tool_window\element_window.h">
      <Filter>Header Files</Filter>
    </ClInclude>
    <ClInclude Include="src\geometry_store\fe_objects\elementtri_list_store.h">
      <Filter>Header Files</Filter>
    </ClInclude>
  </ItemGroup>
  <ItemGroup>
    <None Include="resources\dlls\freetype.dll" />
    <None Include="resources\dlls\glew32.dll" />
    <None Include="resources\dlls\glfw3.dll" />
    <None Include="resources\shaders\constraint_frag_shader.frag" />
    <None Include="resources\shaders\constraint_vert_shader.vert" />
    <None Include="resources\shaders\load_frag_shader.frag" />
    <None Include="resources\shaders\load_vert_shader.vert" />
    <None Include="resources\shaders\point_frag_shader.frag" />
    <None Include="resources\shaders\point_vert_shader.vert" />
    <None Include="resources\shaders\ptmass_frag_shader.frag" />
    <None Include="resources\shaders\ptmass_vert_shader.vert" />
    <None Include="resources\shaders\text_frag_shader.frag" />
    <None Include="resources\shaders\text_vert_shader.vert" />
  </ItemGroup>
  <ItemGroup>
    <Font Include="resources\fonts\CanadaDBNormal.ttf" />
    <Font Include="resources\fonts\CenturyGothic.ttf" />
    <Font Include="resources\fonts\FreeSans.ttf" />
    <Font Include="resources\fonts\HyperFont.ttf" />
  </ItemGroup>
  <ItemGroup>
    <Image Include="resources\images\frame_supports.png">
      <Filter>Resource Files</Filter>
    </Image>
    <Image Include="resources\images\innx_icon.png">
      <Filter>Resource Files</Filter>
    </Image>
    <Image Include="resources\images\load_img.png">
      <Filter>Resource Files</Filter>
    </Image>
    <Image Include="resources\images\pic_3D_circle.png">
      <Filter>Resource Files</Filter>
    </Image>
  </ItemGroup>
</Project>